
Microsoft Visual Studio Solution File, Format Version 12.00
# Visual Studio Express 2012 for Web
Project("{FAE04EC0-301F-11D3-BF4B-00C04F79EFBC}") = "SNMini", "SNMini\SNMini.csproj", "{5F8DF6F2-B449-4007-83C8-331F8763EDBE}"
EndProject
Project("{FAE04EC0-301F-11D3-BF4B-00C04F79EFBC}") = "SNMini.Tests", "SNMini.Tests\SNMini.Tests.csproj", "{7E4A4277-6CAA-4DC1-9D01-C8DCD87F3EE3}"
EndProject
Global
	GlobalSection(SolutionConfigurationPlatforms) = preSolution
		Debug|Any CPU = Debug|Any CPU
		Release|Any CPU = Release|Any CPU
	EndGlobalSection
	GlobalSection(ProjectConfigurationPlatforms) = postSolution
		{5F8DF6F2-B449-4007-83C8-331F8763EDBE}.Debug|Any CPU.ActiveCfg = Debug|Any CPU
		{5F8DF6F2-B449-4007-83C8-331F8763EDBE}.Debug|Any CPU.Build.0 = Debug|Any CPU
		{5F8DF6F2-B449-4007-83C8-331F8763EDBE}.Release|Any CPU.ActiveCfg = Release|Any CPU
		{5F8DF6F2-B449-4007-83C8-331F8763EDBE}.Release|Any CPU.Build.0 = Release|Any CPU
		{7E4A4277-6CAA-4DC1-9D01-C8DCD87F3EE3}.Debug|Any CPU.ActiveCfg = Debug|Any CPU
		{7E4A4277-6CAA-4DC1-9D01-C8DCD87F3EE3}.Debug|Any CPU.Build.0 = Debug|Any CPU
		{7E4A4277-6CAA-4DC1-9D01-C8DCD87F3EE3}.Release|Any CPU.ActiveCfg = Release|Any CPU
		{7E4A4277-6CAA-4DC1-9D01-C8DCD87F3EE3}.Release|Any CPU.Build.0 = Release|Any CPU
	EndGlobalSection
	GlobalSection(SolutionProperties) = preSolution
		HideSolutionNode = FALSE
	EndGlobalSection
EndGlobal
